
Microsoft Visual Studio Solution File, Format Version 12.00
# Visual Studio 15
Project("{FAE04EC0-301F-11D3-BF4B-00C04F79EFBC}") = "Assembly-CSharp", "Assembly-CSharp.csproj", "{1514494C-0A4E-0066-EB92-D6D32B44649B}"
EndProject
Project("{FAE04EC0-301F-11D3-BF4B-00C04F79EFBC}") = "Assembly-CSharp-firstpass", "Assembly-CSharp-firstpass.csproj", "{4E48D886-7418-53D4-DE71-8FA9277F5911}"
EndProject
Project("{FAE04EC0-301F-11D3-BF4B-00C04F79EFBC}") = "Assembly-CSharp-Editor-firstpass", "Assembly-CSharp-Editor-firstpass.csproj", "{EE8EB0D3-6A85-CCF2-69CD-5915F01E3912}"
EndProject
Global
	GlobalSection(SolutionConfigurationPlatforms) = preSolution
		Debug|Any CPU = Debug|Any CPU
		Release|Any CPU = Release|Any CPU
	EndGlobalSection
	GlobalSection(ProjectConfigurationPlatforms) = postSolution
		{1514494C-0A4E-0066-EB92-D6D32B44649B}.Debug|Any CPU.ActiveCfg = Debug|Any CPU
		{1514494C-0A4E-0066-EB92-D6D32B44649B}.Debug|Any CPU.Build.0 = Debug|Any CPU
		{1514494C-0A4E-0066-EB92-D6D32B44649B}.Release|Any CPU.ActiveCfg = Release|Any CPU
		{1514494C-0A4E-0066-EB92-D6D32B44649B}.Release|Any CPU.Build.0 = Release|Any CPU
		{4E48D886-7418-53D4-DE71-8FA9277F5911}.Debug|Any CPU.ActiveCfg = Debug|Any CPU
		{4E48D886-7418-53D4-DE71-8FA9277F5911}.Debug|Any CPU.Build.0 = Debug|Any CPU
		{4E48D886-7418-53D4-DE71-8FA9277F5911}.Release|Any CPU.ActiveCfg = Release|Any CPU
		{4E48D886-7418-53D4-DE71-8FA9277F5911}.Release|Any CPU.Build.0 = Release|Any CPU
		{EE8EB0D3-6A85-CCF2-69CD-5915F01E3912}.Debug|Any CPU.ActiveCfg = Debug|Any CPU
		{EE8EB0D3-6A85-CCF2-69CD-5915F01E3912}.Debug|Any CPU.Build.0 = Debug|Any CPU
		{EE8EB0D3-6A85-CCF2-69CD-5915F01E3912}.Release|Any CPU.ActiveCfg = Release|Any CPU
		{EE8EB0D3-6A85-CCF2-69CD-5915F01E3912}.Release|Any CPU.Build.0 = Release|Any CPU
	EndGlobalSection
	GlobalSection(SolutionProperties) = preSolution
		HideSolutionNode = FALSE
	EndGlobalSection
EndGlobal
